
Microsoft Visual Studio Solution File, Format Version 12.00
# Visual Studio Version 17
VisualStudioVersion = 17.8.34525.116
MinimumVisualStudioVersion = 10.0.40219.1
Project("{9A19103F-16F7-4668-BE54-9A1E7A4F7556}") = "BERGER_ONE_PORTAL_API", "BERGER_ONE_PORTAL_API.csproj", "{81EDAF2D-E337-43A8-A320-C535A54AF076}"
EndProject
Project("{9A19103F-16F7-4668-BE54-9A1E7A4F7556}") = "MSSQL_HELPER", "..\MSSQL_HELPER\MSSQL_HELPER.csproj", "{FC66E577-0891-4553-B7F5-10EBBC69B57F}"
EndProject
Global
	GlobalSection(SolutionConfigurationPlatforms) = preSolution
		Debug|Any CPU = Debug|Any CPU
		Release|Any CPU = Release|Any CPU
	EndGlobalSection
	GlobalSection(ProjectConfigurationPlatforms) = postSolution
		{81EDAF2D-E337-43A8-A320-C535A54AF076}.Debug|Any CPU.ActiveCfg = Debug|Any CPU
		{81EDAF2D-E337-43A8-A320-C535A54AF076}.Debug|Any CPU.Build.0 = Debug|Any CPU
		{81EDAF2D-E337-43A8-A320-C535A54AF076}.Release|Any CPU.ActiveCfg = Release|Any CPU
		{81EDAF2D-E337-43A8-A320-C535A54AF076}.Release|Any CPU.Build.0 = Release|Any CPU
		{FC66E577-0891-4553-B7F5-10EBBC69B57F}.Debug|Any CPU.ActiveCfg = Debug|Any CPU
		{FC66E577-0891-4553-B7F5-10EBBC69B57F}.Debug|Any CPU.Build.0 = Debug|Any CPU
		{FC66E577-0891-4553-B7F5-10EBBC69B57F}.Release|Any CPU.ActiveCfg = Release|Any CPU
		{FC66E577-0891-4553-B7F5-10EBBC69B57F}.Release|Any CPU.Build.0 = Release|Any CPU
	EndGlobalSection
	GlobalSection(SolutionProperties) = preSolution
		HideSolutionNode = FALSE
	EndGlobalSection
	GlobalSection(ExtensibilityGlobals) = postSolution
		SolutionGuid = {3E29010E-0E00-4AD2-9783-310A32DA980C}
	EndGlobalSection
EndGlobal
